// !$*UTF8*$!
{
	archiveVersion = 1;
	classes = {
	};
	objectVersion = 56;
	objects = {

/* Begin PBXBuildFile section */
		43690CE7EECD234068AC9583 /* Pods_Crypto_App.framework in Frameworks */ = {isa = PBXBuildFile; fileRef = F9EAADB531860ED534304545 /* Pods_Crypto_App.framework */; };
		ED4CE41828F15266002A38FE /* AppDelegate.swift in Sources */ = {isa = PBXBuildFile; fileRef = ED4CE41728F15266002A38FE /* AppDelegate.swift */; };
		ED4CE42128F15267002A38FE /* Assets.xcassets in Resources */ = {isa = PBXBuildFile; fileRef = ED4CE42028F15267002A38FE /* Assets.xcassets */; };
		ED4CE42428F15267002A38FE /* LaunchScreen.storyboard in Resources */ = {isa = PBXBuildFile; fileRef = ED4CE42228F15267002A38FE /* LaunchScreen.storyboard */; };
		ED4CE43028F160C4002A38FE /* CryptoListViewController.swift in Sources */ = {isa = PBXBuildFile; fileRef = ED4CE42E28F160C4002A38FE /* CryptoListViewController.swift */; };
		ED89E2FF28F29D1300C96D75 /* Charts in Frameworks */ = {isa = PBXBuildFile; productRef = ED89E2FE28F29D1300C96D75 /* Charts */; };
		ED9E9E5F28F1612C00B048B0 /* CryptoListViewController.xib in Resources */ = {isa = PBXBuildFile; fileRef = ED9E9E5E28F1612C00B048B0 /* CryptoListViewController.xib */; };
		ED9E9E6728F16C8D00B048B0 /* CoinStatsAPI.swift in Sources */ = {isa = PBXBuildFile; fileRef = ED9E9E6628F16C8D00B048B0 /* CoinStatsAPI.swift */; };
		ED9E9E6A28F179E100B048B0 /* CryptoListViewModel.swift in Sources */ = {isa = PBXBuildFile; fileRef = ED9E9E6928F179E100B048B0 /* CryptoListViewModel.swift */; };
		ED9E9E6D28F17C0A00B048B0 /* Coin.swift in Sources */ = {isa = PBXBuildFile; fileRef = ED9E9E6C28F17C0A00B048B0 /* Coin.swift */; };
		ED9E9E6F28F17D4800B048B0 /* CoinsResponse.swift in Sources */ = {isa = PBXBuildFile; fileRef = ED9E9E6E28F17D4800B048B0 /* CoinsResponse.swift */; };
		ED9E9E7228F183AE00B048B0 /* CoinTableViewCell.swift in Sources */ = {isa = PBXBuildFile; fileRef = ED9E9E7128F183AE00B048B0 /* CoinTableViewCell.swift */; };
		ED9E9E7428F183D800B048B0 /* CoinTableViewCell.xib in Resources */ = {isa = PBXBuildFile; fileRef = ED9E9E7328F183D800B048B0 /* CoinTableViewCell.xib */; };
		ED9E9E7A28F18E2A00B048B0 /* CryptoDetailViewController.swift in Sources */ = {isa = PBXBuildFile; fileRef = ED9E9E7928F18E2A00B048B0 /* CryptoDetailViewController.swift */; };
		ED9E9E7E28F18E8500B048B0 /* CryptoView.swift in Sources */ = {isa = PBXBuildFile; fileRef = ED9E9E7D28F18E8500B048B0 /* CryptoView.swift */; };
/* End PBXBuildFile section */

/* Begin PBXFileReference section */
		05B0A54D1D76FA2FF4AB6ADF /* Pods-Crypto App.release.xcconfig */ = {isa = PBXFileReference; includeInIndex = 1; lastKnownFileType = text.xcconfig; name = "Pods-Crypto App.release.xcconfig"; path = "Target Support Files/Pods-Crypto App/Pods-Crypto App.release.xcconfig"; sourceTree = "<group>"; };
		2EF3A175DD055FF9FE6195E4 /* Pods-Crypto App.debug.xcconfig */ = {isa = PBXFileReference; includeInIndex = 1; lastKnownFileType = text.xcconfig; name = "Pods-Crypto App.debug.xcconfig"; path = "Target Support Files/Pods-Crypto App/Pods-Crypto App.debug.xcconfig"; sourceTree = "<group>"; };
		ED4CE41428F15266002A38FE /* Crypto App.app */ = {isa = PBXFileReference; explicitFileType = wrapper.application; includeInIndex = 0; path = "Crypto App.app"; sourceTree = BUILT_PRODUCTS_DIR; };
		ED4CE41728F15266002A38FE /* AppDelegate.swift */ = {isa = PBXFileReference; lastKnownFileType = sourcecode.swift; path = AppDelegate.swift; sourceTree = "<group>"; };
		ED4CE42028F15267002A38FE /* Assets.xcassets */ = {isa = PBXFileReference; lastKnownFileType = folder.assetcatalog; path = Assets.xcassets; sourceTree = "<group>"; };
		ED4CE42328F15267002A38FE /* Base */ = {isa = PBXFileReference; lastKnownFileType = file.storyboard; name = Base; path = Base.lproj/LaunchScreen.storyboard; sourceTree = "<group>"; };
		ED4CE42528F15267002A38FE /* Info.plist */ = {isa = PBXFileReference; lastKnownFileType = text.plist.xml; path = Info.plist; sourceTree = "<group>"; };
		ED4CE42E28F160C4002A38FE /* CryptoListViewController.swift */ = {isa = PBXFileReference; lastKnownFileType = sourcecode.swift; path = CryptoListViewController.swift; sourceTree = "<group>"; };
		ED9E9E5E28F1612C00B048B0 /* CryptoListViewController.xib */ = {isa = PBXFileReference; fileEncoding = 4; lastKnownFileType = file.xib; path = CryptoListViewController.xib; sourceTree = "<group>"; };
		ED9E9E6628F16C8D00B048B0 /* CoinStatsAPI.swift */ = {isa = PBXFileReference; lastKnownFileType = sourcecode.swift; path = CoinStatsAPI.swift; sourceTree = "<group>"; };
		ED9E9E6928F179E100B048B0 /* CryptoListViewModel.swift */ = {isa = PBXFileReference; lastKnownFileType = sourcecode.swift; path = CryptoListViewModel.swift; sourceTree = "<group>"; };
		ED9E9E6C28F17C0A00B048B0 /* Coin.swift */ = {isa = PBXFileReference; lastKnownFileType = sourcecode.swift; path = Coin.swift; sourceTree = "<group>"; };
		ED9E9E6E28F17D4800B048B0 /* CoinsResponse.swift */ = {isa = PBXFileReference; lastKnownFileType = sourcecode.swift; path = CoinsResponse.swift; sourceTree = "<group>"; };
		ED9E9E7128F183AE00B048B0 /* CoinTableViewCell.swift */ = {isa = PBXFileReference; lastKnownFileType = sourcecode.swift; path = CoinTableViewCell.swift; sourceTree = "<group>"; };
		ED9E9E7328F183D800B048B0 /* CoinTableViewCell.xib */ = {isa = PBXFileReference; lastKnownFileType = file.xib; path = CoinTableViewCell.xib; sourceTree = "<group>"; };
		ED9E9E7928F18E2A00B048B0 /* CryptoDetailViewController.swift */ = {isa = PBXFileReference; lastKnownFileType = sourcecode.swift; path = CryptoDetailViewController.swift; sourceTree = "<group>"; };
		ED9E9E7D28F18E8500B048B0 /* CryptoView.swift */ = {isa = PBXFileReference; lastKnownFileType = sourcecode.swift; path = CryptoView.swift; sourceTree = "<group>"; };
		F9EAADB531860ED534304545 /* Pods_Crypto_App.framework */ = {isa = PBXFileReference; explicitFileType = wrapper.framework; includeInIndex = 0; path = Pods_Crypto_App.framework; sourceTree = BUILT_PRODUCTS_DIR; };
/* End PBXFileReference section */

/* Begin PBXFrameworksBuildPhase section */
		ED4CE41128F15266002A38FE /* Frameworks */ = {
			isa = PBXFrameworksBuildPhase;
			buildActionMask = 2147483647;
			files = (
				43690CE7EECD234068AC9583 /* Pods_Crypto_App.framework in Frameworks */,
				ED89E2FF28F29D1300C96D75 /* Charts in Frameworks */,
			);
			runOnlyForDeploymentPostprocessing = 0;
		};
/* End PBXFrameworksBuildPhase section */

/* Begin PBXGroup section */
		18485ABB463821555425277A /* Pods */ = {
			isa = PBXGroup;
			children = (
				2EF3A175DD055FF9FE6195E4 /* Pods-Crypto App.debug.xcconfig */,
				05B0A54D1D76FA2FF4AB6ADF /* Pods-Crypto App.release.xcconfig */,
			);
			path = Pods;
			sourceTree = "<group>";
		};
		2E6437DA514F3125049838C6 /* Frameworks */ = {
			isa = PBXGroup;
			children = (
				F9EAADB531860ED534304545 /* Pods_Crypto_App.framework */,
			);
			name = Frameworks;
			sourceTree = "<group>";
		};
		ED4CE40B28F15266002A38FE = {
			isa = PBXGroup;
			children = (
				ED4CE41628F15266002A38FE /* Crypto App */,
				ED4CE41528F15266002A38FE /* Products */,
				18485ABB463821555425277A /* Pods */,
				2E6437DA514F3125049838C6 /* Frameworks */,
			);
			sourceTree = "<group>";
		};
		ED4CE41528F15266002A38FE /* Products */ = {
			isa = PBXGroup;
			children = (
				ED4CE41428F15266002A38FE /* Crypto App.app */,
			);
			name = Products;
			sourceTree = "<group>";
		};
		ED4CE41628F15266002A38FE /* Crypto App */ = {
			isa = PBXGroup;
			children = (
				ED4CE42B28F15274002A38FE /* App */,
				ED4CE42C28F1527F002A38FE /* Screens */,
			);
			path = "Crypto App";
			sourceTree = "<group>";
		};
		ED4CE42B28F15274002A38FE /* App */ = {
			isa = PBXGroup;
			children = (
				ED9E9E6428F16C3100B048B0 /* Plists */,
				ED9E9E6328F16C2600B048B0 /* Assets */,
				ED9E9E6228F16C1E00B048B0 /* View */,
				ED9E9E6128F16C1400B048B0 /* Delegate */,
				ED9E9E6028F16C0B00B048B0 /* Core */,
			);
			path = App;
			sourceTree = "<group>";
		};
		ED4CE42C28F1527F002A38FE /* Screens */ = {
			isa = PBXGroup;
			children = (
				ED9E9E7828F18DF200B048B0 /* CryptoDetail */,
				ED4CE42D28F16082002A38FE /* CryptoList */,
			);
			path = Screens;
			sourceTree = "<group>";
		};
		ED4CE42D28F16082002A38FE /* CryptoList */ = {
			isa = PBXGroup;
			children = (
				ED9E9E6B28F17C0100B048B0 /* Model */,
				ED9E9E6828F179D300B048B0 /* ViewModel */,
				ED4CE43328F160D5002A38FE /* Controller */,
				ED4CE43228F160D2002A38FE /* View */,
			);
			path = CryptoList;
			sourceTree = "<group>";
		};
		ED4CE43228F160D2002A38FE /* View */ = {
			isa = PBXGroup;
			children = (
				ED9E9E7028F1837C00B048B0 /* CoinTableViewCell */,
				ED9E9E5E28F1612C00B048B0 /* CryptoListViewController.xib */,
			);
			path = View;
			sourceTree = "<group>";
		};
		ED4CE43328F160D5002A38FE /* Controller */ = {
			isa = PBXGroup;
			children = (
				ED4CE42E28F160C4002A38FE /* CryptoListViewController.swift */,
			);
			path = Controller;
			sourceTree = "<group>";
		};
		ED9E9E6028F16C0B00B048B0 /* Core */ = {
			isa = PBXGroup;
			children = (
				ED9E9E6528F16C6200B048B0 /* Network */,
			);
			path = Core;
			sourceTree = "<group>";
		};
		ED9E9E6128F16C1400B048B0 /* Delegate */ = {
			isa = PBXGroup;
			children = (
				ED4CE41728F15266002A38FE /* AppDelegate.swift */,
			);
			path = Delegate;
			sourceTree = "<group>";
		};
		ED9E9E6228F16C1E00B048B0 /* View */ = {
			isa = PBXGroup;
			children = (
				ED4CE42228F15267002A38FE /* LaunchScreen.storyboard */,
			);
			path = View;
			sourceTree = "<group>";
		};
		ED9E9E6328F16C2600B048B0 /* Assets */ = {
			isa = PBXGroup;
			children = (
				ED4CE42028F15267002A38FE /* Assets.xcassets */,
			);
			path = Assets;
			sourceTree = "<group>";
		};
		ED9E9E6428F16C3100B048B0 /* Plists */ = {
			isa = PBXGroup;
			children = (
				ED4CE42528F15267002A38FE /* Info.plist */,
			);
			path = Plists;
			sourceTree = "<group>";
		};
		ED9E9E6528F16C6200B048B0 /* Network */ = {
			isa = PBXGroup;
			children = (
				ED9E9E6628F16C8D00B048B0 /* CoinStatsAPI.swift */,
			);
			path = Network;
			sourceTree = "<group>";
		};
		ED9E9E6828F179D300B048B0 /* ViewModel */ = {
			isa = PBXGroup;
			children = (
				ED9E9E6928F179E100B048B0 /* CryptoListViewModel.swift */,
			);
			path = ViewModel;
			sourceTree = "<group>";
		};
		ED9E9E6B28F17C0100B048B0 /* Model */ = {
			isa = PBXGroup;
			children = (
				ED9E9E6C28F17C0A00B048B0 /* Coin.swift */,
				ED9E9E6E28F17D4800B048B0 /* CoinsResponse.swift */,
			);
			path = Model;
			sourceTree = "<group>";
		};
		ED9E9E7028F1837C00B048B0 /* CoinTableViewCell */ = {
			isa = PBXGroup;
			children = (
				ED9E9E7128F183AE00B048B0 /* CoinTableViewCell.swift */,
				ED9E9E7328F183D800B048B0 /* CoinTableViewCell.xib */,
			);
			path = CoinTableViewCell;
			sourceTree = "<group>";
		};
		ED9E9E7828F18DF200B048B0 /* CryptoDetail */ = {
			isa = PBXGroup;
			children = (
				ED9E9E7C28F18E6E00B048B0 /* View */,
				ED9E9E7B28F18E6500B048B0 /* Controller */,
			);
			path = CryptoDetail;
			sourceTree = "<group>";
		};
		ED9E9E7B28F18E6500B048B0 /* Controller */ = {
			isa = PBXGroup;
			children = (
				ED9E9E7928F18E2A00B048B0 /* CryptoDetailViewController.swift */,
			);
			path = Controller;
			sourceTree = "<group>";
		};
		ED9E9E7C28F18E6E00B048B0 /* View */ = {
			isa = PBXGroup;
			children = (
				ED9E9E7D28F18E8500B048B0 /* CryptoView.swift */,
			);
			path = View;
			sourceTree = "<group>";
		};
/* End PBXGroup section */

/* Begin PBXNativeTarget section */
		ED4CE41328F15266002A38FE /* Crypto App */ = {
			isa = PBXNativeTarget;
			buildConfigurationList = ED4CE42828F15267002A38FE /* Build configuration list for PBXNativeTarget "Crypto App" */;
			buildPhases = (
				422DDF06E2A2F2B78A253C3E /* [CP] Check Pods Manifest.lock */,
				ED4CE41028F15266002A38FE /* Sources */,
				ED4CE41128F15266002A38FE /* Frameworks */,
				ED4CE41228F15266002A38FE /* Resources */,
				6838ECDDAECCD978C88067A2 /* [CP] Embed Pods Frameworks */,
			);
			buildRules = (
			);
			dependencies = (
			);
			name = "Crypto App";
			packageProductDependencies = (
				ED89E2FE28F29D1300C96D75 /* Charts */,
			);
			productName = "Crypto App";
			productReference = ED4CE41428F15266002A38FE /* Crypto App.app */;
			productType = "com.apple.product-type.application";
		};
/* End PBXNativeTarget section */

/* Begin PBXProject section */
		ED4CE40C28F15266002A38FE /* Project object */ = {
			isa = PBXProject;
			attributes = {
				BuildIndependentTargetsInParallel = 1;
				LastSwiftUpdateCheck = 1400;
				LastUpgradeCheck = 1400;
				TargetAttributes = {
					ED4CE41328F15266002A38FE = {
						CreatedOnToolsVersion = 14.0.1;
					};
				};
			};
			buildConfigurationList = ED4CE40F28F15266002A38FE /* Build configuration list for PBXProject "Crypto App" */;
			compatibilityVersion = "Xcode 14.0";
			developmentRegion = en;
			hasScannedForEncodings = 0;
			knownRegions = (
				en,
				Base,
			);
			mainGroup = ED4CE40B28F15266002A38FE;
			packageReferences = (
				ED89E2FD28F29D1300C96D75 /* XCRemoteSwiftPackageReference "Charts" */,
			);
			productRefGroup = ED4CE41528F15266002A38FE /* Products */;
			projectDirPath = "";
			projectRoot = "";
			targets = (
				ED4CE41328F15266002A38FE /* Crypto App */,
			);
		};
/* End PBXProject section */

/* Begin PBXResourcesBuildPhase section */
		ED4CE41228F15266002A38FE /* Resources */ = {
			isa = PBXResourcesBuildPhase;
			buildActionMask = 2147483647;
			files = (
				ED4CE42428F15267002A38FE /* LaunchScreen.storyboard in Resources */,
				ED4CE42128F15267002A38FE /* Assets.xcassets in Resources */,
				ED9E9E7428F183D800B048B0 /* CoinTableViewCell.xib in Resources */,
				ED9E9E5F28F1612C00B048B0 /* CryptoListViewController.xib in Resources */,
			);
			runOnlyForDeploymentPostprocessing = 0;
		};
/* End PBXResourcesBuildPhase section */

/* Begin PBXShellScriptBuildPhase section */
		422DDF06E2A2F2B78A253C3E /* [CP] Check Pods Manifest.lock */ = {
			isa = PBXShellScriptBuildPhase;
			buildActionMask = 2147483647;
			files = (
			);
			inputFileListPaths = (
			);
			inputPaths = (
				"${PODS_PODFILE_DIR_PATH}/Podfile.lock",
				"${PODS_ROOT}/Manifest.lock",
			);
			name = "[CP] Check Pods Manifest.lock";
			outputFileListPaths = (
			);
			outputPaths = (
				"$(DERIVED_FILE_DIR)/Pods-Crypto App-checkManifestLockResult.txt",
			);
			runOnlyForDeploymentPostprocessing = 0;
			shellPath = /bin/sh;
			shellScript = "diff \"${PODS_PODFILE_DIR_PATH}/Podfile.lock\" \"${PODS_ROOT}/Manifest.lock\" > /dev/null\nif [ $? != 0 ] ; then\n    # print error to STDERR\n    echo \"error: The sandbox is not in sync with the Podfile.lock. Run 'pod install' or update your CocoaPods installation.\" >&2\n    exit 1\nfi\n# This output is used by Xcode 'outputs' to avoid re-running this script phase.\necho \"SUCCESS\" > \"${SCRIPT_OUTPUT_FILE_0}\"\n";
			showEnvVarsInLog = 0;
		};
		6838ECDDAECCD978C88067A2 /* [CP] Embed Pods Frameworks */ = {
			isa = PBXShellScriptBuildPhase;
			buildActionMask = 2147483647;
			files = (
			);
			inputFileListPaths = (
				"${PODS_ROOT}/Target Support Files/Pods-Crypto App/Pods-Crypto App-frameworks-${CONFIGURATION}-input-files.xcfilelist",
			);
			name = "[CP] Embed Pods Frameworks";
			outputFileListPaths = (
				"${PODS_ROOT}/Target Support Files/Pods-Crypto App/Pods-Crypto App-frameworks-${CONFIGURATION}-output-files.xcfilelist",
			);
			runOnlyForDeploymentPostprocessing = 0;
			shellPath = /bin/sh;
			shellScript = "\"${PODS_ROOT}/Target Support Files/Pods-Crypto App/Pods-Crypto App-frameworks.sh\"\n";
			showEnvVarsInLog = 0;
		};
/* End PBXShellScriptBuildPhase section */

/* Begin PBXSourcesBuildPhase section */
		ED4CE41028F15266002A38FE /* Sources */ = {
			isa = PBXSourcesBuildPhase;
			buildActionMask = 2147483647;
			files = (
				ED4CE41828F15266002A38FE /* AppDelegate.swift in Sources */,
				ED9E9E6F28F17D4800B048B0 /* CoinsResponse.swift in Sources */,
				ED9E9E6A28F179E100B048B0 /* CryptoListViewModel.swift in Sources */,
				ED9E9E6728F16C8D00B048B0 /* CoinStatsAPI.swift in Sources */,
				ED9E9E7A28F18E2A00B048B0 /* CryptoDetailViewController.swift in Sources */,
				ED9E9E6D28F17C0A00B048B0 /* Coin.swift in Sources */,
				ED4CE43028F160C4002A38FE /* CryptoListViewController.swift in Sources */,
				ED9E9E7228F183AE00B048B0 /* CoinTableViewCell.swift in Sources */,
				ED9E9E7E28F18E8500B048B0 /* CryptoView.swift in Sources */,
			);
			runOnlyForDeploymentPostprocessing = 0;
		};
/* End PBXSourcesBuildPhase section */

/* Begin PBXVariantGroup section */
		ED4CE42228F15267002A38FE /* LaunchScreen.storyboard */ = {
			isa = PBXVariantGroup;
			children = (
				ED4CE42328F15267002A38FE /* Base */,
			);
			name = LaunchScreen.storyboard;
			sourceTree = "<group>";
		};
/* End PBXVariantGroup section */

/* Begin XCBuildConfiguration section */
		ED4CE42628F15267002A38FE /* Debug */ = {
			isa = XCBuildConfiguration;
			buildSettings = {
				ALWAYS_SEARCH_USER_PATHS = NO;
				CLANG_ANALYZER_NONNULL = YES;
				CLANG_ANALYZER_NUMBER_OBJECT_CONVERSION = YES_AGGRESSIVE;
				CLANG_CXX_LANGUAGE_STANDARD = "gnu++20";
				CLANG_ENABLE_MODULES = YES;
				CLANG_ENABLE_OBJC_ARC = YES;
				CLANG_ENABLE_OBJC_WEAK = YES;
				CLANG_WARN_BLOCK_CAPTURE_AUTORELEASING = YES;
				CLANG_WARN_BOOL_CONVERSION = YES;
				CLANG_WARN_COMMA = YES;
				CLANG_WARN_CONSTANT_CONVERSION = YES;
				CLANG_WARN_DEPRECATED_OBJC_IMPLEMENTATIONS = YES;
				CLANG_WARN_DIRECT_OBJC_ISA_USAGE = YES_ERROR;
				CLANG_WARN_DOCUMENTATION_COMMENTS = YES;
				CLANG_WARN_EMPTY_BODY = YES;
				CLANG_WARN_ENUM_CONVERSION = YES;
				CLANG_WARN_INFINITE_RECURSION = YES;
				CLANG_WARN_INT_CONVERSION = YES;
				CLANG_WARN_NON_LITERAL_NULL_CONVERSION = YES;
				CLANG_WARN_OBJC_IMPLICIT_RETAIN_SELF = YES;
				CLANG_WARN_OBJC_LITERAL_CONVERSION = YES;
				CLANG_WARN_OBJC_ROOT_CLASS = YES_ERROR;
				CLANG_WARN_QUOTED_INCLUDE_IN_FRAMEWORK_HEADER = YES;
				CLANG_WARN_RANGE_LOOP_ANALYSIS = YES;
				CLANG_WARN_STRICT_PROTOTYPES = YES;
				CLANG_WARN_SUSPICIOUS_MOVE = YES;
				CLANG_WARN_UNGUARDED_AVAILABILITY = YES_AGGRESSIVE;
				CLANG_WARN_UNREACHABLE_CODE = YES;
				CLANG_WARN__DUPLICATE_METHOD_MATCH = YES;
				COPY_PHASE_STRIP = NO;
				DEBUG_INFORMATION_FORMAT = dwarf;
				ENABLE_STRICT_OBJC_MSGSEND = YES;
				ENABLE_TESTABILITY = YES;
				GCC_C_LANGUAGE_STANDARD = gnu11;
				GCC_DYNAMIC_NO_PIC = NO;
				GCC_NO_COMMON_BLOCKS = YES;
				GCC_OPTIMIZATION_LEVEL = 0;
				GCC_PREPROCESSOR_DEFINITIONS = (
					"DEBUG=1",
					"$(inherited)",
				);
				GCC_WARN_64_TO_32_BIT_CONVERSION = YES;
				GCC_WARN_ABOUT_RETURN_TYPE = YES_ERROR;
				GCC_WARN_UNDECLARED_SELECTOR = YES;
				GCC_WARN_UNINITIALIZED_AUTOS = YES_AGGRESSIVE;
				GCC_WARN_UNUSED_FUNCTION = YES;
				GCC_WARN_UNUSED_VARIABLE = YES;
				IPHONEOS_DEPLOYMENT_TARGET = 16.0;
				MTL_ENABLE_DEBUG_INFO = INCLUDE_SOURCE;
				MTL_FAST_MATH = YES;
				ONLY_ACTIVE_ARCH = YES;
				SDKROOT = iphoneos;
				SWIFT_ACTIVE_COMPILATION_CONDITIONS = DEBUG;
				SWIFT_OPTIMIZATION_LEVEL = "-Onone";
			};
			name = Debug;
		};
		ED4CE42728F15267002A38FE /* Release */ = {
			isa = XCBuildConfiguration;
			buildSettings = {
				ALWAYS_SEARCH_USER_PATHS = NO;
				CLANG_ANALYZER_NONNULL = YES;
				CLANG_ANALYZER_NUMBER_OBJECT_CONVERSION = YES_AGGRESSIVE;
				CLANG_CXX_LANGUAGE_STANDARD = "gnu++20";
				CLANG_ENABLE_MODULES = YES;
				CLANG_ENABLE_OBJC_ARC = YES;
				CLANG_ENABLE_OBJC_WEAK = YES;
				CLANG_WARN_BLOCK_CAPTURE_AUTORELEASING = YES;
				CLANG_WARN_BOOL_CONVERSION = YES;
				CLANG_WARN_COMMA = YES;
				CLANG_WARN_CONSTANT_CONVERSION = YES;
				CLANG_WARN_DEPRECATED_OBJC_IMPLEMENTATIONS = YES;
				CLANG_WARN_DIRECT_OBJC_ISA_USAGE = YES_ERROR;
				CLANG_WARN_DOCUMENTATION_COMMENTS = YES;
				CLANG_WARN_EMPTY_BODY = YES;
				CLANG_WARN_ENUM_CONVERSION = YES;
				CLANG_WARN_INFINITE_RECURSION = YES;
				CLANG_WARN_INT_CONVERSION = YES;
				CLANG_WARN_NON_LITERAL_NULL_CONVERSION = YES;
				CLANG_WARN_OBJC_IMPLICIT_RETAIN_SELF = YES;
				CLANG_WARN_OBJC_LITERAL_CONVERSION = YES;
				CLANG_WARN_OBJC_ROOT_CLASS = YES_ERROR;
				CLANG_WARN_QUOTED_INCLUDE_IN_FRAMEWORK_HEADER = YES;
				CLANG_WARN_RANGE_LOOP_ANALYSIS = YES;
				CLANG_WARN_STRICT_PROTOTYPES = YES;
				CLANG_WARN_SUSPICIOUS_MOVE = YES;
				CLANG_WARN_UNGUARDED_AVAILABILITY = YES_AGGRESSIVE;
				CLANG_WARN_UNREACHABLE_CODE = YES;
				CLANG_WARN__DUPLICATE_METHOD_MATCH = YES;
				COPY_PHASE_STRIP = NO;
				DEBUG_INFORMATION_FORMAT = "dwarf-with-dsym";
				ENABLE_NS_ASSERTIONS = NO;
				ENABLE_STRICT_OBJC_MSGSEND = YES;
				GCC_C_LANGUAGE_STANDARD = gnu11;
				GCC_NO_COMMON_BLOCKS = YES;
				GCC_WARN_64_TO_32_BIT_CONVERSION = YES;
				GCC_WARN_ABOUT_RETURN_TYPE = YES_ERROR;
				GCC_WARN_UNDECLARED_SELECTOR = YES;
				GCC_WARN_UNINITIALIZED_AUTOS = YES_AGGRESSIVE;
				GCC_WARN_UNUSED_FUNCTION = YES;
				GCC_WARN_UNUSED_VARIABLE = YES;
				IPHONEOS_DEPLOYMENT_TARGET = 16.0;
				MTL_ENABLE_DEBUG_INFO = NO;
				MTL_FAST_MATH = YES;
				SDKROOT = iphoneos;
				SWIFT_COMPILATION_MODE = wholemodule;
				SWIFT_OPTIMIZATION_LEVEL = "-O";
				VALIDATE_PRODUCT = YES;
			};
			name = Release;
		};
		ED4CE42928F15267002A38FE /* Debug */ = {
			isa = XCBuildConfiguration;
			baseConfigurationReference = 2EF3A175DD055FF9FE6195E4 /* Pods-Crypto App.debug.xcconfig */;
			buildSettings = {
				ASSETCATALOG_COMPILER_APPICON_NAME = AppIcon;
				ASSETCATALOG_COMPILER_GLOBAL_ACCENT_COLOR_NAME = AccentColor;
				CODE_SIGN_STYLE = Automatic;
				CURRENT_PROJECT_VERSION = 1;
				GENERATE_INFOPLIST_FILE = YES;
				INFOPLIST_FILE = "Crypto App/App/Plists/Info.plist";
				INFOPLIST_KEY_CFBundleDisplayName = Crypto;
				INFOPLIST_KEY_LSApplicationCategoryType = "public.app-category.finance";
				INFOPLIST_KEY_UIApplicationSupportsIndirectInputEvents = YES;
				INFOPLIST_KEY_UILaunchStoryboardName = LaunchScreen;
				INFOPLIST_KEY_UIMainStoryboardFile = "";
				INFOPLIST_KEY_UISupportedInterfaceOrientations = UIInterfaceOrientationPortrait;
				INFOPLIST_KEY_UISupportedInterfaceOrientations_iPad = "UIInterfaceOrientationLandscapeLeft UIInterfaceOrientationLandscapeRight UIInterfaceOrientationPortrait UIInterfaceOrientationPortraitUpsideDown";
				IPHONEOS_DEPLOYMENT_TARGET = 12.0;
				LD_RUNPATH_SEARCH_PATHS = (
					"$(inherited)",
					"@executable_path/Frameworks",
				);
				MARKETING_VERSION = 0.1;
				PRODUCT_BUNDLE_IDENTIFIER = "com.pazaramaiosbootcamp.Crypto-App";
				PRODUCT_NAME = "$(TARGET_NAME)";
				SUPPORTED_PLATFORMS = "iphoneos iphonesimulator";
				SUPPORTS_MACCATALYST = NO;
				SUPPORTS_MAC_DESIGNED_FOR_IPHONE_IPAD = NO;
				SWIFT_EMIT_LOC_STRINGS = YES;
				SWIFT_VERSION = 5.0;
				TARGETED_DEVICE_FAMILY = 1;
			};
			name = Debug;
		};
		ED4CE42A28F15267002A38FE /* Release */ = {
			isa = XCBuildConfiguration;
			baseConfigurationReference = 05B0A54D1D76FA2FF4AB6ADF /* Pods-Crypto App.release.xcconfig */;
			buildSettings = {
				ASSETCATALOG_COMPILER_APPICON_NAME = AppIcon;
				ASSETCATALOG_COMPILER_GLOBAL_ACCENT_COLOR_NAME = AccentColor;
				CODE_SIGN_STYLE = Automatic;
				CURRENT_PROJECT_VERSION = 1;
				GENERATE_INFOPLIST_FILE = YES;
				INFOPLIST_FILE = "Crypto App/App/Plists/Info.plist";
				INFOPLIST_KEY_CFBundleDisplayName = Crypto;
				INFOPLIST_KEY_LSApplicationCategoryType = "public.app-category.finance";
				INFOPLIST_KEY_UIApplicationSupportsIndirectInputEvents = YES;
				INFOPLIST_KEY_UILaunchStoryboardName = LaunchScreen;
				INFOPLIST_KEY_UIMainStoryboardFile = "";
				INFOPLIST_KEY_UISupportedInterfaceOrientations = UIInterfaceOrientationPortrait;
				INFOPLIST_KEY_UISupportedInterfaceOrientations_iPad = "UIInterfaceOrientationLandscapeLeft UIInterfaceOrientationLandscapeRight UIInterfaceOrientationPortrait UIInterfaceOrientationPortraitUpsideDown";
				IPHONEOS_DEPLOYMENT_TARGET = 12.0;
				LD_RUNPATH_SEARCH_PATHS = (
					"$(inherited)",
					"@executable_path/Frameworks",
				);
				MARKETING_VERSION = 0.1;
				PRODUCT_BUNDLE_IDENTIFIER = "com.pazaramaiosbootcamp.Crypto-App";
				PRODUCT_NAME = "$(TARGET_NAME)";
				SUPPORTED_PLATFORMS = "iphoneos iphonesimulator";
				SUPPORTS_MACCATALYST = NO;
				SUPPORTS_MAC_DESIGNED_FOR_IPHONE_IPAD = NO;
				SWIFT_EMIT_LOC_STRINGS = YES;
				SWIFT_VERSION = 5.0;
				TARGETED_DEVICE_FAMILY = 1;
			};
			name = Release;
		};
/* End XCBuildConfiguration section */

/* Begin XCConfigurationList section */
		ED4CE40F28F15266002A38FE /* Build configuration list for PBXProject "Crypto App" */ = {
			isa = XCConfigurationList;
			buildConfigurations = (
				ED4CE42628F15267002A38FE /* Debug */,
				ED4CE42728F15267002A38FE /* Release */,
			);
			defaultConfigurationIsVisible = 0;
			defaultConfigurationName = Release;
		};
		ED4CE42828F15267002A38FE /* Build configuration list for PBXNativeTarget "Crypto App" */ = {
			isa = XCConfigurationList;
			buildConfigurations = (
				ED4CE42928F15267002A38FE /* Debug */,
				ED4CE42A28F15267002A38FE /* Release */,
			);
			defaultConfigurationIsVisible = 0;
			defaultConfigurationName = Release;
		};
/* End XCConfigurationList section */

/* Begin XCRemoteSwiftPackageReference section */
		ED89E2FD28F29D1300C96D75 /* XCRemoteSwiftPackageReference "Charts" */ = {
			isa = XCRemoteSwiftPackageReference;
			repositoryURL = "https://github.com/danielgindi/Charts.git";
			requirement = {
				kind = upToNextMajorVersion;
				minimumVersion = 4.0.0;
			};
		};
/* End XCRemoteSwiftPackageReference section */

/* Begin XCSwiftPackageProductDependency section */
		ED89E2FE28F29D1300C96D75 /* Charts */ = {
			isa = XCSwiftPackageProductDependency;
			package = ED89E2FD28F29D1300C96D75 /* XCRemoteSwiftPackageReference "Charts" */;
			productName = Charts;
		};
/* End XCSwiftPackageProductDependency section */
	};
	rootObject = ED4CE40C28F15266002A38FE /* Project object */;
}
